
Microsoft Visual Studio Solution File, Format Version 12.00
# Visual Studio Version 16
VisualStudioVersion = 16.0.29409.12
MinimumVisualStudioVersion = 10.0.40219.1
Project("{9A19103F-16F7-4668-BE54-9A1E7A4F7556}") = "Project1WebApp", "Project1WebApp\Project1WebApp.csproj", "{4E3B8CA0-967F-4914-A535-57A6D25D1AC4}"
EndProject
Project("{9A19103F-16F7-4668-BE54-9A1E7A4F7556}") = "Project1.BusinessLogic", "Project1.BusinessLogic\Project1.BusinessLogic.csproj", "{09AB06D9-7EFD-40F8-931A-7E643FB14BF7}"
EndProject
Project("{9A19103F-16F7-4668-BE54-9A1E7A4F7556}") = "Project1.DataAccess", "Project1.DataAccess\Project1.DataAccess.csproj", "{C5047381-DA4F-4CB1-8283-BBAABA719853}"
EndProject
Project("{FAE04EC0-301F-11D3-BF4B-00C04F79EFBC}") = "Project1Test", "Project1Test\Project1Test.csproj", "{E69C4D27-24E9-475F-AEA9-6CB4F2FCED13}"
EndProject
Global
	GlobalSection(SolutionConfigurationPlatforms) = preSolution
		Debug|Any CPU = Debug|Any CPU
		Release|Any CPU = Release|Any CPU
	EndGlobalSection
	GlobalSection(ProjectConfigurationPlatforms) = postSolution
		{4E3B8CA0-967F-4914-A535-57A6D25D1AC4}.Debug|Any CPU.ActiveCfg = Debug|Any CPU
		{4E3B8CA0-967F-4914-A535-57A6D25D1AC4}.Debug|Any CPU.Build.0 = Debug|Any CPU
		{4E3B8CA0-967F-4914-A535-57A6D25D1AC4}.Release|Any CPU.ActiveCfg = Release|Any CPU
		{4E3B8CA0-967F-4914-A535-57A6D25D1AC4}.Release|Any CPU.Build.0 = Release|Any CPU
		{09AB06D9-7EFD-40F8-931A-7E643FB14BF7}.Debug|Any CPU.ActiveCfg = Debug|Any CPU
		{09AB06D9-7EFD-40F8-931A-7E643FB14BF7}.Debug|Any CPU.Build.0 = Debug|Any CPU
		{09AB06D9-7EFD-40F8-931A-7E643FB14BF7}.Release|Any CPU.ActiveCfg = Release|Any CPU
		{09AB06D9-7EFD-40F8-931A-7E643FB14BF7}.Release|Any CPU.Build.0 = Release|Any CPU
		{C5047381-DA4F-4CB1-8283-BBAABA719853}.Debug|Any CPU.ActiveCfg = Debug|Any CPU
		{C5047381-DA4F-4CB1-8283-BBAABA719853}.Debug|Any CPU.Build.0 = Debug|Any CPU
		{C5047381-DA4F-4CB1-8283-BBAABA719853}.Release|Any CPU.ActiveCfg = Release|Any CPU
		{C5047381-DA4F-4CB1-8283-BBAABA719853}.Release|Any CPU.Build.0 = Release|Any CPU
		{E69C4D27-24E9-475F-AEA9-6CB4F2FCED13}.Debug|Any CPU.ActiveCfg = Debug|Any CPU
		{E69C4D27-24E9-475F-AEA9-6CB4F2FCED13}.Debug|Any CPU.Build.0 = Debug|Any CPU
		{E69C4D27-24E9-475F-AEA9-6CB4F2FCED13}.Release|Any CPU.ActiveCfg = Release|Any CPU
		{E69C4D27-24E9-475F-AEA9-6CB4F2FCED13}.Release|Any CPU.Build.0 = Release|Any CPU
	EndGlobalSection
	GlobalSection(SolutionProperties) = preSolution
		HideSolutionNode = FALSE
	EndGlobalSection
	GlobalSection(ExtensibilityGlobals) = postSolution
		SolutionGuid = {E2FC240A-3592-4085-B056-576C3052F8DB}
	EndGlobalSection
EndGlobal
